
Microsoft Visual Studio Solution File, Format Version 12.00
# Visual Studio 2012
Project("{FAE04EC0-301F-11D3-BF4B-00C04F79EFBC}") = "simpleConsole", "cdpTester\simpleConsole.csproj", "{186304E3-91B0-4C98-89C9-4A3D49D5E54B}"
EndProject
Project("{FAE04EC0-301F-11D3-BF4B-00C04F79EFBC}") = "GUISample", "GUISample\GUISample.csproj", "{24B95069-B6D8-4FAC-A396-2B8EC716902F}"
EndProject
Global
	GlobalSection(SolutionConfigurationPlatforms) = preSolution
		Debug|Any CPU = Debug|Any CPU
		Debug|x64 = Debug|x64
		Release|Any CPU = Release|Any CPU
		Release|x64 = Release|x64
	EndGlobalSection
	GlobalSection(ProjectConfigurationPlatforms) = postSolution
		{186304E3-91B0-4C98-89C9-4A3D49D5E54B}.Debug|Any CPU.ActiveCfg = Debug|Any CPU
		{186304E3-91B0-4C98-89C9-4A3D49D5E54B}.Debug|Any CPU.Build.0 = Debug|Any CPU
		{186304E3-91B0-4C98-89C9-4A3D49D5E54B}.Debug|x64.ActiveCfg = Debug|Any CPU
		{186304E3-91B0-4C98-89C9-4A3D49D5E54B}.Release|Any CPU.ActiveCfg = Release|Any CPU
		{186304E3-91B0-4C98-89C9-4A3D49D5E54B}.Release|Any CPU.Build.0 = Release|Any CPU
		{186304E3-91B0-4C98-89C9-4A3D49D5E54B}.Release|x64.ActiveCfg = Release|Any CPU
		{24B95069-B6D8-4FAC-A396-2B8EC716902F}.Debug|Any CPU.ActiveCfg = Debug|Any CPU
		{24B95069-B6D8-4FAC-A396-2B8EC716902F}.Debug|Any CPU.Build.0 = Debug|Any CPU
		{24B95069-B6D8-4FAC-A396-2B8EC716902F}.Debug|x64.ActiveCfg = Debug|x64
		{24B95069-B6D8-4FAC-A396-2B8EC716902F}.Debug|x64.Build.0 = Debug|x64
		{24B95069-B6D8-4FAC-A396-2B8EC716902F}.Release|Any CPU.ActiveCfg = Release|Any CPU
		{24B95069-B6D8-4FAC-A396-2B8EC716902F}.Release|Any CPU.Build.0 = Release|Any CPU
		{24B95069-B6D8-4FAC-A396-2B8EC716902F}.Release|x64.ActiveCfg = Release|x64
		{24B95069-B6D8-4FAC-A396-2B8EC716902F}.Release|x64.Build.0 = Release|x64
	EndGlobalSection
	GlobalSection(SolutionProperties) = preSolution
		HideSolutionNode = FALSE
	EndGlobalSection
EndGlobal
