
Microsoft Visual Studio Solution File, Format Version 12.00
# Visual Studio 2012
Project("{FAE04EC0-301F-11D3-BF4B-00C04F79EFBC}") = "SampleXtion", "SampleXtion\SampleXtion.csproj", "{BAE94510-E6C9-4C7B-A253-2F6005ED82CF}"
EndProject
Global
	GlobalSection(SolutionConfigurationPlatforms) = preSolution
		Debug|Any CPU = Debug|Any CPU
		Release|Any CPU = Release|Any CPU
	EndGlobalSection
	GlobalSection(ProjectConfigurationPlatforms) = postSolution
		{BAE94510-E6C9-4C7B-A253-2F6005ED82CF}.Debug|Any CPU.ActiveCfg = Debug|Any CPU
		{BAE94510-E6C9-4C7B-A253-2F6005ED82CF}.Debug|Any CPU.Build.0 = Debug|Any CPU
		{BAE94510-E6C9-4C7B-A253-2F6005ED82CF}.Release|Any CPU.ActiveCfg = Release|Any CPU
		{BAE94510-E6C9-4C7B-A253-2F6005ED82CF}.Release|Any CPU.Build.0 = Release|Any CPU
	EndGlobalSection
	GlobalSection(SolutionProperties) = preSolution
		HideSolutionNode = FALSE
	EndGlobalSection
EndGlobal
